
Microsoft Visual Studio Solution File, Format Version 12.00
# Visual Studio Version 16
VisualStudioVersion = 16.0.30225.117
MinimumVisualStudioVersion = 10.0.40219.1
Project("{9A19103F-16F7-4668-BE54-9A1E7A4F7556}") = "Dotty", "Dotty\Dotty.csproj", "{8183944F-E2AF-4E7A-8D13-C9782C4F7CB5}"
EndProject
Project("{9A19103F-16F7-4668-BE54-9A1E7A4F7556}") = "Dotty.Test", "Dotty.Test\Dotty.Test.csproj", "{EB958C28-D178-4205-BE1F-F3E2CAB0B956}"
EndProject
Project("{2150E333-8FDC-42A3-9474-1A3956D46DE8}") = "Solution Items", "Solution Items", "{BCB8C2A9-4501-480C-8796-04F70A1E9097}"
	ProjectSection(SolutionItems) = preProject
		README.md = README.md
	EndProjectSection
EndProject
Project("{FAE04EC0-301F-11D3-BF4B-00C04F79EFBC}") = "Dotty.MsTests", "Dotty.MsTests\Dotty.MsTests.csproj", "{6AFDE2D2-EAED-4A77-9B80-ED2D019164DE}"
EndProject
Global
	GlobalSection(SolutionConfigurationPlatforms) = preSolution
		Debug|Any CPU = Debug|Any CPU
		Release|Any CPU = Release|Any CPU
	EndGlobalSection
	GlobalSection(ProjectConfigurationPlatforms) = postSolution
		{8183944F-E2AF-4E7A-8D13-C9782C4F7CB5}.Debug|Any CPU.ActiveCfg = Debug|Any CPU
		{8183944F-E2AF-4E7A-8D13-C9782C4F7CB5}.Debug|Any CPU.Build.0 = Debug|Any CPU
		{8183944F-E2AF-4E7A-8D13-C9782C4F7CB5}.Release|Any CPU.ActiveCfg = Release|Any CPU
		{8183944F-E2AF-4E7A-8D13-C9782C4F7CB5}.Release|Any CPU.Build.0 = Release|Any CPU
		{EB958C28-D178-4205-BE1F-F3E2CAB0B956}.Debug|Any CPU.ActiveCfg = Debug|Any CPU
		{EB958C28-D178-4205-BE1F-F3E2CAB0B956}.Debug|Any CPU.Build.0 = Debug|Any CPU
		{EB958C28-D178-4205-BE1F-F3E2CAB0B956}.Release|Any CPU.ActiveCfg = Release|Any CPU
		{EB958C28-D178-4205-BE1F-F3E2CAB0B956}.Release|Any CPU.Build.0 = Release|Any CPU
		{6AFDE2D2-EAED-4A77-9B80-ED2D019164DE}.Debug|Any CPU.ActiveCfg = Debug|Any CPU
		{6AFDE2D2-EAED-4A77-9B80-ED2D019164DE}.Debug|Any CPU.Build.0 = Debug|Any CPU
		{6AFDE2D2-EAED-4A77-9B80-ED2D019164DE}.Release|Any CPU.ActiveCfg = Release|Any CPU
		{6AFDE2D2-EAED-4A77-9B80-ED2D019164DE}.Release|Any CPU.Build.0 = Release|Any CPU
	EndGlobalSection
	GlobalSection(SolutionProperties) = preSolution
		HideSolutionNode = FALSE
	EndGlobalSection
	GlobalSection(ExtensibilityGlobals) = postSolution
		SolutionGuid = {8668CE2D-99CF-401E-B8AA-929DF09FCF4B}
	EndGlobalSection
EndGlobal
